version: 5
environments:
  default:
    channels:
    - url: https://conda.anaconda.org/conda-forge/
    packages:
      linux-64:
      - conda: https://conda.anaconda.org/conda-forge/linux-64/_libgcc_mutex-0.1-conda_forge.tar.bz2
      - conda: https://conda.anaconda.org/conda-forge/linux-64/_openmp_mutex-4.5-2_gnu.tar.bz2
      - conda: https://conda.anaconda.org/conda-forge/linux-64/binutils-2.43-h4852527_2.conda
      - conda: https://conda.anaconda.org/conda-forge/linux-64/binutils_impl_linux-64-2.43-h4bf12b8_2.conda
      - conda: https://conda.anaconda.org/conda-forge/linux-64/binutils_linux-64-2.43-h4852527_2.conda
      - conda: https://conda.anaconda.org/conda-forge/linux-64/c-compiler-1.8.0-h2b85faf_1.conda
      - conda: https://conda.anaconda.org/conda-forge/noarch/cuda-cccl_linux-64-12.6.77-ha770c72_0.conda
      - conda: https://conda.anaconda.org/conda-forge/noarch/cuda-compiler-12.6.3-hbad6d8a_0.conda
      - conda: https://conda.anaconda.org/conda-forge/noarch/cuda-crt-dev_linux-64-12.6.85-ha770c72_0.conda
      - conda: https://conda.anaconda.org/conda-forge/linux-64/cuda-crt-tools-12.6.85-ha770c72_0.conda
      - conda: https://conda.anaconda.org/conda-forge/linux-64/cuda-cudart-12.6.77-h5888daf_0.conda
      - conda: https://conda.anaconda.org/conda-forge/linux-64/cuda-cudart-dev-12.6.77-h5888daf_0.conda
      - conda: https://conda.anaconda.org/conda-forge/noarch/cuda-cudart-dev_linux-64-12.6.77-h3f2d84a_0.conda
      - conda: https://conda.anaconda.org/conda-forge/linux-64/cuda-cudart-static-12.6.77-h5888daf_0.conda
      - conda: https://conda.anaconda.org/conda-forge/noarch/cuda-cudart-static_linux-64-12.6.77-h3f2d84a_0.conda
      - conda: https://conda.anaconda.org/conda-forge/noarch/cuda-cudart_linux-64-12.6.77-h3f2d84a_0.conda
      - conda: https://conda.anaconda.org/conda-forge/linux-64/cuda-cuobjdump-12.6.77-hbd13f7d_1.conda
      - conda: https://conda.anaconda.org/conda-forge/linux-64/cuda-cuxxfilt-12.6.77-hbd13f7d_1.conda
      - conda: https://conda.anaconda.org/conda-forge/noarch/cuda-driver-dev_linux-64-12.6.77-h3f2d84a_0.conda
      - conda: https://conda.anaconda.org/conda-forge/linux-64/cuda-nvcc-12.6.85-hcdd1206_0.conda
      - conda: https://conda.anaconda.org/conda-forge/noarch/cuda-nvcc-dev_linux-64-12.6.85-he91c749_0.conda
      - conda: https://conda.anaconda.org/conda-forge/linux-64/cuda-nvcc-impl-12.6.85-h85509e4_0.conda
      - conda: https://conda.anaconda.org/conda-forge/linux-64/cuda-nvcc-tools-12.6.85-he02047a_0.conda
      - conda: https://conda.anaconda.org/conda-forge/linux-64/cuda-nvcc_linux-64-12.6.85-h04802cd_0.conda
      - conda: https://conda.anaconda.org/conda-forge/linux-64/cuda-nvdisasm-12.6.77-hbd13f7d_1.conda
      - conda: https://conda.anaconda.org/conda-forge/linux-64/cuda-nvprune-12.6.77-hbd13f7d_1.conda
      - conda: https://conda.anaconda.org/conda-forge/noarch/cuda-nvvm-dev_linux-64-12.6.85-ha770c72_0.conda
      - conda: https://conda.anaconda.org/conda-forge/linux-64/cuda-nvvm-impl-12.6.85-he02047a_0.conda
      - conda: https://conda.anaconda.org/conda-forge/linux-64/cuda-nvvm-tools-12.6.85-he02047a_0.conda
      - conda: https://conda.anaconda.org/conda-forge/noarch/cuda-version-12.6-h7480c83_3.conda
      - conda: https://conda.anaconda.org/conda-forge/linux-64/cxx-compiler-1.8.0-h1a2810e_1.conda
      - conda: https://conda.anaconda.org/conda-forge/linux-64/gcc-13.3.0-h9576a4e_1.conda
      - conda: https://conda.anaconda.org/conda-forge/linux-64/gcc_impl_linux-64-13.3.0-hfea6d02_1.conda
      - conda: https://conda.anaconda.org/conda-forge/linux-64/gcc_linux-64-13.3.0-hc28eda2_7.conda
      - conda: https://conda.anaconda.org/conda-forge/linux-64/gxx-13.3.0-h9576a4e_1.conda
      - conda: https://conda.anaconda.org/conda-forge/linux-64/gxx_impl_linux-64-13.3.0-hdbfa832_1.conda
      - conda: https://conda.anaconda.org/conda-forge/linux-64/gxx_linux-64-13.3.0-h6834431_7.conda
      - conda: https://conda.anaconda.org/conda-forge/noarch/kernel-headers_linux-64-3.10.0-he073ed8_18.conda
      - conda: https://conda.anaconda.org/conda-forge/linux-64/ld_impl_linux-64-2.43-h712a8e2_2.conda
      - conda: https://conda.anaconda.org/conda-forge/linux-64/libgcc-14.2.0-h77fa898_1.conda
      - conda: https://conda.anaconda.org/conda-forge/noarch/libgcc-devel_linux-64-13.3.0-h84ea5a7_101.conda
      - conda: https://conda.anaconda.org/conda-forge/linux-64/libgomp-14.2.0-h77fa898_1.conda
      - conda: https://conda.anaconda.org/conda-forge/linux-64/libsanitizer-13.3.0-heb74ff8_1.conda
      - conda: https://conda.anaconda.org/conda-forge/linux-64/libstdcxx-14.2.0-hc0a3c3a_1.conda
      - conda: https://conda.anaconda.org/conda-forge/noarch/libstdcxx-devel_linux-64-13.3.0-h84ea5a7_101.conda
      - conda: https://conda.anaconda.org/conda-forge/noarch/sysroot_linux-64-2.17-h4a8ded7_18.conda
      - conda: https://conda.anaconda.org/conda-forge/noarch/tzdata-2024b-hc8b5060_0.conda
packages:
- kind: conda
  name: _libgcc_mutex
  version: '0.1'
  build: conda_forge
  subdir: linux-64
  url: https://conda.anaconda.org/conda-forge/linux-64/_libgcc_mutex-0.1-conda_forge.tar.bz2
  sha256: fe51de6107f9edc7aa4f786a70f4a883943bc9d39b3bb7307c04c41410990726
  md5: d7c89558ba9fa0495403155b64376d81
  license: None
  size: 2562
  timestamp: 1578324546067
- kind: conda
  name: _openmp_mutex
  version: '4.5'
  build: 2_gnu
  build_number: 16
  subdir: linux-64
  url: https://conda.anaconda.org/conda-forge/linux-64/_openmp_mutex-4.5-2_gnu.tar.bz2
  sha256: fbe2c5e56a653bebb982eda4876a9178aedfc2b545f25d0ce9c4c0b508253d22
  md5: 73aaf86a425cc6e73fcf236a5a46396d
  depends:
  - _libgcc_mutex 0.1 conda_forge
  - libgomp >=7.5.0
  constrains:
  - openmp_impl 9999
  license: BSD-3-Clause
  license_family: BSD
  size: 23621
  timestamp: 1650670423406
- kind: conda
  name: binutils
  version: '2.43'
  build: h4852527_2
  build_number: 2
  subdir: linux-64
  url: https://conda.anaconda.org/conda-forge/linux-64/binutils-2.43-h4852527_2.conda
  sha256: 92be0f8ccd501ceeb3c782e2182e6ea04dca46799038176de40a57bca45512c5
  md5: 348619f90eee04901f4a70615efff35b
  depends:
  - binutils_impl_linux-64 >=2.43,<2.44.0a0
  license: GPL-3.0-only
  license_family: GPL
  size: 33876
  timestamp: 1729655402186
- kind: conda
  name: binutils_impl_linux-64
  version: '2.43'
  build: h4bf12b8_2
  build_number: 2
  subdir: linux-64
  url: https://conda.anaconda.org/conda-forge/linux-64/binutils_impl_linux-64-2.43-h4bf12b8_2.conda
  sha256: 267e78990247369b13234bda270f31beb56a600b4851a8244e31dd9ad85b3b17
  md5: cf0c5521ac2a20dfa6c662a4009eeef6
  depends:
  - ld_impl_linux-64 2.43 h712a8e2_2
  - sysroot_linux-64
  license: GPL-3.0-only
  license_family: GPL
  size: 5682777
  timestamp: 1729655371045
- kind: conda
  name: binutils_linux-64
  version: '2.43'
  build: h4852527_2
  build_number: 2
  subdir: linux-64
  url: https://conda.anaconda.org/conda-forge/linux-64/binutils_linux-64-2.43-h4852527_2.conda
  sha256: df52bd8b8b2a20a0c529d9ad08aaf66093ac318aa8a33d270f18274341a77062
  md5: 18aba879ddf1f8f28145ca6fcb873d8c
  depends:
  - binutils_impl_linux-64 2.43 h4bf12b8_2
  license: GPL-3.0-only
  license_family: GPL
  size: 34945
  timestamp: 1729655404893
- kind: conda
  name: c-compiler
  version: 1.8.0
  build: h2b85faf_1
  build_number: 1
  subdir: linux-64
  url: https://conda.anaconda.org/conda-forge/linux-64/c-compiler-1.8.0-h2b85faf_1.conda
  sha256: 009fced27be14e5ac750a04111a07eda79d73f80009300c1538cb83d5da71879
  md5: fa7b3bf2965b9d74a81a0702d9bb49ee
  depends:
  - binutils
  - gcc
  - gcc_linux-64 13.*
  license: BSD-3-Clause
  license_family: BSD
  size: 6085
  timestamp: 1728985300402
- kind: conda
  name: cuda-cccl_linux-64
  version: 12.6.77
  build: ha770c72_0
  subdir: noarch
  noarch: generic
  url: https://conda.anaconda.org/conda-forge/noarch/cuda-cccl_linux-64-12.6.77-ha770c72_0.conda
  sha256: 00a7de1d084896758dc2d24b1faf4bf59e596790b22a3a08bf163a810bbacde8
  md5: 365a924cf93535157d61debac807e9e4
  depends:
  - cuda-version >=12.6,<12.7.0a0
  license: LicenseRef-NVIDIA-End-User-License-Agreement
  size: 1067930
  timestamp: 1727807050610
- kind: conda
  name: cuda-compiler
  version: 12.6.3
  build: hbad6d8a_0
  subdir: noarch
  noarch: generic
  url: https://conda.anaconda.org/conda-forge/noarch/cuda-compiler-12.6.3-hbad6d8a_0.conda
  sha256: a7f4532dcba3b52c22e4c989c3724b91e9b17efe4f41e6cc11a3e40275c79c7c
  md5: ec211b132a6554400de751021e2b695c
  depends:
  - __linux
  - c-compiler
  - cuda-cuobjdump 12.6.77.*
  - cuda-cuxxfilt 12.6.77.*
  - cuda-nvcc 12.6.85.*
  - cuda-nvprune 12.6.77.*
  - cxx-compiler
  license: LicenseRef-NVIDIA-End-User-License-Agreement
  size: 20149
  timestamp: 1732142841144
- kind: conda
  name: cuda-crt-dev_linux-64
  version: 12.6.85
  build: ha770c72_0
  subdir: noarch
  noarch: generic
  url: https://conda.anaconda.org/conda-forge/noarch/cuda-crt-dev_linux-64-12.6.85-ha770c72_0.conda
  sha256: 2515c1bddde769ad8628411e08deb31a7eafe6ace9e46bea33a3a99fbb95aea0
  md5: 4b14e78e12daa061dcdbe3ceed95cb57
  depends:
  - cuda-version >=12.6,<12.7.0a0
  license: LicenseRef-NVIDIA-End-User-License-Agreement
  size: 88743
  timestamp: 1732132177211
- kind: conda
  name: cuda-crt-tools
  version: 12.6.85
  build: ha770c72_0
  subdir: linux-64
  url: https://conda.anaconda.org/conda-forge/linux-64/cuda-crt-tools-12.6.85-ha770c72_0.conda
  sha256: 83b6f3332a17bc891f2ecdc9b1424658009e37e14e888d0bd0458b6aa4db59a2
  md5: 4ab193b5fcdcf8d7b094221e3977a112
  depends:
  - cuda-version >=12.6,<12.7.0a0
  license: LicenseRef-NVIDIA-End-User-License-Agreement
  size: 27135
  timestamp: 1732132181193
- kind: conda
  name: cuda-cudart
  version: 12.6.77
  build: h5888daf_0
  subdir: linux-64
  url: https://conda.anaconda.org/conda-forge/linux-64/cuda-cudart-12.6.77-h5888daf_0.conda
  sha256: e7a256a61d5b8c9d7d31932b5f4f35a8fda5a18c789cb971d98dca266fdd8792
  md5: feb533cb1e5f7ffbbb82d8465e0adaad
  depends:
  - __glibc >=2.17,<3.0.a0
  - cuda-cudart_linux-64 12.6.77 h3f2d84a_0
  - cuda-version >=12.6,<12.7.0a0
  - libgcc >=13
  - libstdcxx >=13
  license: LicenseRef-NVIDIA-End-User-License-Agreement
  size: 22397
  timestamp: 1727810461651
- kind: conda
  name: cuda-cudart-dev
  version: 12.6.77
  build: h5888daf_0
  subdir: linux-64
  url: https://conda.anaconda.org/conda-forge/linux-64/cuda-cudart-dev-12.6.77-h5888daf_0.conda
  sha256: 527329f312ac6feb775e8e4d22d5b634feab2fe5cc8afb15b453d64a773945d9
  md5: 86e47562bfe92a529ae1c75bbcff814b
  depends:
  - __glibc >=2.17,<3.0.a0
  - cuda-cudart 12.6.77 h5888daf_0
  - cuda-cudart-dev_linux-64 12.6.77 h3f2d84a_0
  - cuda-cudart-static 12.6.77 h5888daf_0
  - cuda-version >=12.6,<12.7.0a0
  - libgcc >=13
  - libstdcxx >=13
  license: LicenseRef-NVIDIA-End-User-License-Agreement
  size: 22830
  timestamp: 1727810484719
- kind: conda
  name: cuda-cudart-dev_linux-64
  version: 12.6.77
  build: h3f2d84a_0
  subdir: noarch
  noarch: generic
  url: https://conda.anaconda.org/conda-forge/noarch/cuda-cudart-dev_linux-64-12.6.77-h3f2d84a_0.conda
  sha256: 60847bd8c74b02ca17d68d742fe545db84a18bf808344eb99929f32f79bffcf9
  md5: f967e2449b6c066f6d09497fff12d803
  depends:
  - cuda-cccl_linux-64
  - cuda-cudart-static_linux-64
  - cuda-cudart_linux-64
  - cuda-version >=12.6,<12.7.0a0
  license: LicenseRef-NVIDIA-End-User-License-Agreement
  size: 365370
  timestamp: 1727810466552
- kind: conda
  name: cuda-cudart-static
  version: 12.6.77
  build: h5888daf_0
  subdir: linux-64
  url: https://conda.anaconda.org/conda-forge/linux-64/cuda-cudart-static-12.6.77-h5888daf_0.conda
  sha256: 79a58bc3eb216dd32f7adb8fe13619c34c23705d997460864293859ecea38f33
  md5: ae37b405ef74e57ef9685fcf820a2dde
  depends:
  - __glibc >=2.17,<3.0.a0
  - cuda-cudart-static_linux-64 12.6.77 h3f2d84a_0
  - cuda-version >=12.6,<12.7.0a0
  - libgcc >=13
  - libstdcxx >=13
  license: LicenseRef-NVIDIA-End-User-License-Agreement
  size: 22446
  timestamp: 1727810474901
- kind: conda
  name: cuda-cudart-static_linux-64
  version: 12.6.77
  build: h3f2d84a_0
  subdir: noarch
  noarch: generic
  url: https://conda.anaconda.org/conda-forge/noarch/cuda-cudart-static_linux-64-12.6.77-h3f2d84a_0.conda
  sha256: aefed29499bdbe5d0c65ca44ef596929cf34cc3014f0ae225cdd45a0e66f2660
  md5: 3ad8eacbf716ddbca1b5292a3668c821
  depends:
  - cuda-version >=12.6,<12.7.0a0
  license: LicenseRef-NVIDIA-End-User-License-Agreement
  size: 762328
  timestamp: 1727810443982
- kind: conda
  name: cuda-cudart_linux-64
  version: 12.6.77
  build: h3f2d84a_0
  subdir: noarch
  noarch: generic
  url: https://conda.anaconda.org/conda-forge/noarch/cuda-cudart_linux-64-12.6.77-h3f2d84a_0.conda
  sha256: cf8433afa236108dba2a94ea5d4f605c50f0e297ee54eb6cb37175fd84ced907
  md5: 314908ad05e2c4833475a7d93f4149ca
  depends:
  - cuda-version >=12.6,<12.7.0a0
  license: LicenseRef-NVIDIA-End-User-License-Agreement
  size: 188616
  timestamp: 1727810451690
- kind: conda
  name: cuda-cuobjdump
  version: 12.6.77
  build: hbd13f7d_1
  build_number: 1
  subdir: linux-64
  url: https://conda.anaconda.org/conda-forge/linux-64/cuda-cuobjdump-12.6.77-hbd13f7d_1.conda
  sha256: d2781e96a544e9824509ef1f81ff1fafa51e9ce04017dad75a08c9b57596f7de
  md5: 881d6e2cdb12db52e0c3d9dff6f7f14d
  depends:
  - __glibc >=2.17,<3.0.a0
  - cuda-nvdisasm
  - cuda-version >=12.6,<12.7.0a0
  - libgcc >=13
  - libstdcxx >=13
  license: LicenseRef-NVIDIA-End-User-License-Agreement
  size: 246573
  timestamp: 1731439676209
- kind: conda
  name: cuda-cuxxfilt
  version: 12.6.77
  build: hbd13f7d_1
  build_number: 1
  subdir: linux-64
  url: https://conda.anaconda.org/conda-forge/linux-64/cuda-cuxxfilt-12.6.77-hbd13f7d_1.conda
  sha256: 6ff98ad2f9aa74cc91b46e333e92a191fe8686efdc3ec231915fd4363385f52e
  md5: faefe1c43db4641223a1dfa23ee21e0f
  depends:
  - __glibc >=2.17,<3.0.a0
  - cuda-version >=12.6,<12.7.0a0
  - libgcc >=13
  - libstdcxx >=13
  license: LicenseRef-NVIDIA-End-User-License-Agreement
  size: 216004
  timestamp: 1730238686777
- kind: conda
  name: cuda-driver-dev_linux-64
  version: 12.6.77
  build: h3f2d84a_0
  subdir: noarch
  noarch: generic
  url: https://conda.anaconda.org/conda-forge/noarch/cuda-driver-dev_linux-64-12.6.77-h3f2d84a_0.conda
  sha256: 0045dfd95c42eee2cf093d0a34bdecf2ecfcf155416adf3f11b01c9efd8c119c
  md5: f2b7f45acf027c7de8c383b1d2f6a298
  depends:
  - cuda-version >=12.6,<12.7.0a0
  license: LicenseRef-NVIDIA-End-User-License-Agreement
  size: 35748
  timestamp: 1727810456749
- kind: conda
  name: cuda-nvcc
  version: 12.6.85
  build: hcdd1206_0
  subdir: linux-64
  url: https://conda.anaconda.org/conda-forge/linux-64/cuda-nvcc-12.6.85-hcdd1206_0.conda
  sha256: 7a8d230413bc5a9ca1740443e0f818ddbd39077009bb3b00af47dbac964b4fba
  md5: fe294b5f78236b26d0b388652212e581
  depends:
  - cuda-nvcc_linux-64 12.6.85.*
  - gcc_linux-64
  - gxx_linux-64
  license: LicenseRef-NVIDIA-End-User-License-Agreement
  size: 23610
  timestamp: 1732134779687
- kind: conda
  name: cuda-nvcc-dev_linux-64
  version: 12.6.85
  build: he91c749_0
  subdir: noarch
  noarch: generic
  url: https://conda.anaconda.org/conda-forge/noarch/cuda-nvcc-dev_linux-64-12.6.85-he91c749_0.conda
  sha256: 2f16919e10291d6c39a0d7969b3fe63ca9f7c7ede4798d6882cd74b38219468e
  md5: 8d4bca6397374ecbd3001ab4ece3b23d
  depends:
  - cuda-crt-dev_linux-64 12.6.85 ha770c72_0
  - cuda-nvvm-dev_linux-64 12.6.85 ha770c72_0
  - cuda-version >=12.6,<12.7.0a0
  - libgcc >=6
  constrains:
  - gcc_impl_linux-64 >=6,<14.0a0
  license: LicenseRef-NVIDIA-End-User-License-Agreement
  size: 11352789
  timestamp: 1732132275906
- kind: conda
  name: cuda-nvcc-impl
  version: 12.6.85
  build: h85509e4_0
  subdir: linux-64
  url: https://conda.anaconda.org/conda-forge/linux-64/cuda-nvcc-impl-12.6.85-h85509e4_0.conda
  sha256: 40bb419caa57e641070f6a4679fee902263fff365b1d409fbc169002a7ba90b5
  md5: e5b96d2e34abaa90c0c1c968d02bbc9b
  depends:
  - cuda-cudart >=12.6.77,<13.0a0
  - cuda-cudart-dev
  - cuda-nvcc-dev_linux-64 12.6.85 he91c749_0
  - cuda-nvcc-tools 12.6.85 he02047a_0
  - cuda-nvvm-impl 12.6.85 he02047a_0
  - cuda-version >=12.6,<12.7.0a0
  constrains:
  - gcc_impl_linux-64 >=6,<14.0a0
  license: LicenseRef-NVIDIA-End-User-License-Agreement
  size: 25484
  timestamp: 1732132305254
- kind: conda
  name: cuda-nvcc-tools
  version: 12.6.85
  build: he02047a_0
  subdir: linux-64
  url: https://conda.anaconda.org/conda-forge/linux-64/cuda-nvcc-tools-12.6.85-he02047a_0.conda
  sha256: 0f8cc474130f9654cacc6e5ff4b62b731da28019c5e28ca318a3e38a84e3b1a8
  md5: 30b272fa555944cb44f8d4dc9244abb5
  depends:
  - __glibc >=2.17,<3.0.a0
  - cuda-crt-tools 12.6.85 ha770c72_0
  - cuda-nvvm-tools 12.6.85 he02047a_0
  - cuda-version >=12.6,<12.7.0a0
  - libgcc >=12
  - libstdcxx >=12
  constrains:
  - gcc_impl_linux-64 >=6,<14.0a0
  license: LicenseRef-NVIDIA-End-User-License-Agreement
  size: 24082529
  timestamp: 1732132231855
- kind: conda
  name: cuda-nvcc_linux-64
  version: 12.6.85
  build: h04802cd_0
  subdir: linux-64
  url: https://conda.anaconda.org/conda-forge/linux-64/cuda-nvcc_linux-64-12.6.85-h04802cd_0.conda
  sha256: 8e60c2060eedeec7ba4cceb7f2d2d21c3047792a922cf4af40579ecf505fa0c3
  md5: 4e1376cbc6d66b6744557cabeff02ca2
  depends:
  - __glibc >=2.17,<3.0.a0
  - cuda-cudart-dev_linux-64 12.6.*
  - cuda-driver-dev_linux-64 12.6.*
  - cuda-nvcc-dev_linux-64 12.6.85.*
  - cuda-nvcc-impl 12.6.85.*
  - cuda-nvcc-tools 12.6.85.*
  - sysroot_linux-64 >=2.17,<3.0a0
  license: LicenseRef-NVIDIA-End-User-License-Agreement
  size: 25280
  timestamp: 1732134779078
- kind: conda
  name: cuda-nvdisasm
  version: 12.6.77
  build: hbd13f7d_1
  build_number: 1
  subdir: linux-64
  url: https://conda.anaconda.org/conda-forge/linux-64/cuda-nvdisasm-12.6.77-hbd13f7d_1.conda
  sha256: be97ef1af88e1551bc54a83ac2c473cff3b565e883131508df1b25ee0b53dcab
  md5: 86be0f804995240f973a48f291d371de
  depends:
  - __glibc >=2.17,<3.0.a0
  - cuda-version >=12.6,<12.7.0a0
  - libgcc >=13
  - libstdcxx >=13
  license: LicenseRef-NVIDIA-End-User-License-Agreement
  size: 49936502
  timestamp: 1730680015056
- kind: conda
  name: cuda-nvprune
  version: 12.6.77
  build: hbd13f7d_1
  build_number: 1
  subdir: linux-64
  url: https://conda.anaconda.org/conda-forge/linux-64/cuda-nvprune-12.6.77-hbd13f7d_1.conda
  sha256: d6c3cc89af66724aa0d4bdd053284a72fea924c8d0fbecccc6ce00fd5bcb1edc
  md5: 533cf43c4201ae6387f156ff7cbd8c89
  depends:
  - __glibc >=2.17,<3.0.a0
  - cuda-version >=12.6,<12.7.0a0
  - libgcc >=13
  - libstdcxx >=13
  license: LicenseRef-NVIDIA-End-User-License-Agreement
  size: 67943
  timestamp: 1730755542486
- kind: conda
  name: cuda-nvvm-dev_linux-64
  version: 12.6.85
  build: ha770c72_0
  subdir: noarch
  noarch: generic
  url: https://conda.anaconda.org/conda-forge/noarch/cuda-nvvm-dev_linux-64-12.6.85-ha770c72_0.conda
  sha256: f1df1d3ba7a8292d06acca271c5c5793b4b1f25e7c8c005b841f866816edf2c7
  md5: 9c1f1ecfd9990b549312b3206d9c003b
  depends:
  - cuda-version >=12.6,<12.7.0a0
  license: LicenseRef-NVIDIA-End-User-License-Agreement
  size: 25209
  timestamp: 1732132184433
- kind: conda
  name: cuda-nvvm-impl
  version: 12.6.85
  build: he02047a_0
  subdir: linux-64
  url: https://conda.anaconda.org/conda-forge/linux-64/cuda-nvvm-impl-12.6.85-he02047a_0.conda
  sha256: 98c1b86b9f6b6a184aabae6ac614ec8e1692cda7e21fe3ff09fab6358364a0b8
  md5: 5b72e12459f5deab812cb30b67b64d48
  depends:
  - __glibc >=2.17,<3.0.a0
  - cuda-version >=12.6,<12.7.0a0
  - libgcc >=12
  - libstdcxx >=12
  license: LicenseRef-NVIDIA-End-User-License-Agreement
  size: 8085058
  timestamp: 1732132194015
- kind: conda
  name: cuda-nvvm-tools
  version: 12.6.85
  build: he02047a_0
  subdir: linux-64
  url: https://conda.anaconda.org/conda-forge/linux-64/cuda-nvvm-tools-12.6.85-he02047a_0.conda
  sha256: 5c7ab2b1367cefaa15a8d8880e9985ed2753a990765d047df23fa8ddb2ba9e7a
  md5: 0919bdf9454da5eb974e98dd79bf38fe
  depends:
  - __glibc >=2.17,<3.0.a0
  - cuda-version >=12.6,<12.7.0a0
  - libgcc >=12
  - libstdcxx >=12
  license: LicenseRef-NVIDIA-End-User-License-Agreement
  size: 10880815
  timestamp: 1732132210850
- kind: conda
  name: cuda-version
  version: '12.6'
  build: h7480c83_3
  build_number: 3
  subdir: noarch
  noarch: generic
  url: https://conda.anaconda.org/conda-forge/noarch/cuda-version-12.6-h7480c83_3.conda
  sha256: fd9104d73199040285b6a6ad56322b38af04828fabbac1f5a268a83509358425
  md5: 1c8b99e65a4423b1e4ac2e4c76fb0978
  constrains:
  - cudatoolkit 12.6|12.6.*
  - __cuda >=12
  license: LicenseRef-NVIDIA-End-User-License-Agreement
  size: 20940
  timestamp: 1722603990914
- kind: conda
  name: cxx-compiler
  version: 1.8.0
  build: h1a2810e_1
  build_number: 1
  subdir: linux-64
  url: https://conda.anaconda.org/conda-forge/linux-64/cxx-compiler-1.8.0-h1a2810e_1.conda
  sha256: cca0450bbc0d19044107d0f90fa36126a11b007fbfb62bd2a1949b2bb59a21a4
  md5: 3bb4907086d7187bf01c8bec397ffa5e
  depends:
  - c-compiler 1.8.0 h2b85faf_1
  - gxx
  - gxx_linux-64 13.*
  license: BSD-3-Clause
  license_family: BSD
  size: 6059
  timestamp: 1728985302835
- kind: conda
  name: gcc
  version: 13.3.0
  build: h9576a4e_1
  build_number: 1
  subdir: linux-64
  url: https://conda.anaconda.org/conda-forge/linux-64/gcc-13.3.0-h9576a4e_1.conda
  sha256: d0161362430183cbdbc3db9cf95f9a1af1793027f3ab8755b3d3586deb28bf84
  md5: 606924335b5bcdf90e9aed9a2f5d22ed
  depends:
  - gcc_impl_linux-64 13.3.0.*
  license: BSD-3-Clause
  license_family: BSD
  size: 53864
  timestamp: 1724801360210
- kind: conda
  name: gcc_impl_linux-64
  version: 13.3.0
  build: hfea6d02_1
  build_number: 1
  subdir: linux-64
  url: https://conda.anaconda.org/conda-forge/linux-64/gcc_impl_linux-64-13.3.0-hfea6d02_1.conda
  sha256: 998ade1d487e93fc8a7a16b90e2af69ebb227355bf4646488661f7ae5887873c
  md5: 0d043dbc126b64f79d915a0e96d3a1d5
  depends:
  - binutils_impl_linux-64 >=2.40
  - libgcc >=13.3.0
  - libgcc-devel_linux-64 13.3.0 h84ea5a7_101
  - libgomp >=13.3.0
  - libsanitizer 13.3.0 heb74ff8_1
  - libstdcxx >=13.3.0
  - sysroot_linux-64
  license: GPL-3.0-only WITH GCC-exception-3.1
  license_family: GPL
  size: 67464415
  timestamp: 1724801227937
- kind: conda
  name: gcc_linux-64
  version: 13.3.0
  build: hc28eda2_7
  build_number: 7
  subdir: linux-64
  url: https://conda.anaconda.org/conda-forge/linux-64/gcc_linux-64-13.3.0-hc28eda2_7.conda
  sha256: 1e5ac50580a68fdc7d2f5722abcf1a87898c24b1ab6eb5ecd322634742d93645
  md5: ac23afbf5805389eb771e2ad3b476f75
  depends:
  - binutils_linux-64
  - gcc_impl_linux-64 13.3.0.*
  - sysroot_linux-64
  license: BSD-3-Clause
  license_family: BSD
  size: 32005
  timestamp: 1731939593317
- kind: conda
  name: gxx
  version: 13.3.0
  build: h9576a4e_1
  build_number: 1
  subdir: linux-64
  url: https://conda.anaconda.org/conda-forge/linux-64/gxx-13.3.0-h9576a4e_1.conda
  sha256: 5446f5d1d609d996579f706d2020e83ef48e086d943bfeef7ab807ea246888a0
  md5: 209182ca6b20aeff62f442e843961d81
  depends:
  - gcc 13.3.0.*
  - gxx_impl_linux-64 13.3.0.*
  license: BSD-3-Clause
  license_family: BSD
  size: 53338
  timestamp: 1724801498389
- kind: conda
  name: gxx_impl_linux-64
  version: 13.3.0
  build: hdbfa832_1
  build_number: 1
  subdir: linux-64
  url: https://conda.anaconda.org/conda-forge/linux-64/gxx_impl_linux-64-13.3.0-hdbfa832_1.conda
  sha256: 746dff24bb1efc89ab0ec108838d0711683054e3bbbcb94d042943410a98eca1
  md5: 806367e23a0a6ad21e51875b34c57d7e
  depends:
  - gcc_impl_linux-64 13.3.0 hfea6d02_1
  - libstdcxx-devel_linux-64 13.3.0 h84ea5a7_101
  - sysroot_linux-64
  - tzdata
  license: GPL-3.0-only WITH GCC-exception-3.1
  license_family: GPL
  size: 13337720
  timestamp: 1724801455825
- kind: conda
  name: gxx_linux-64
  version: 13.3.0
  build: h6834431_7
  build_number: 7
  subdir: linux-64
  url: https://conda.anaconda.org/conda-forge/linux-64/gxx_linux-64-13.3.0-h6834431_7.conda
  sha256: a9b1ffea76f2cc5aedeead4793fcded7a687cce9d5e3f4fe93629f1b1d5043a6
  md5: 7c82ca9bda609b6f72f670e4219d3787
  depends:
  - binutils_linux-64
  - gcc_linux-64 13.3.0 hc28eda2_7
  - gxx_impl_linux-64 13.3.0.*
  - sysroot_linux-64
  license: BSD-3-Clause
  license_family: BSD
  size: 30356
  timestamp: 1731939612705
- kind: conda
  name: kernel-headers_linux-64
  version: 3.10.0
  build: he073ed8_18
  build_number: 18
  subdir: noarch
  noarch: generic
  url: https://conda.anaconda.org/conda-forge/noarch/kernel-headers_linux-64-3.10.0-he073ed8_18.conda
  sha256: a922841ad80bd7b222502e65c07ecb67e4176c4fa5b03678a005f39fcc98be4b
  md5: ad8527bf134a90e1c9ed35fa0b64318c
  constrains:
  - sysroot_linux-64 ==2.17
  license: LGPL-2.0-or-later AND LGPL-2.0-or-later WITH exceptions AND GPL-2.0-or-later AND MPL-2.0
  license_family: GPL
  size: 943486
  timestamp: 1729794504440
- kind: conda
  name: ld_impl_linux-64
  version: '2.43'
  build: h712a8e2_2
  build_number: 2
  subdir: linux-64
  url: https://conda.anaconda.org/conda-forge/linux-64/ld_impl_linux-64-2.43-h712a8e2_2.conda
  sha256: 7c91cea91b13f4314d125d1bedb9d03a29ebbd5080ccdea70260363424646dbe
  md5: 048b02e3962f066da18efe3a21b77672
  depends:
  - __glibc >=2.17,<3.0.a0
  constrains:
  - binutils_impl_linux-64 2.43
  license: GPL-3.0-only
  license_family: GPL
  size: 669211
  timestamp: 1729655358674
- kind: conda
  name: libgcc
  version: 14.2.0
  build: h77fa898_1
  build_number: 1
  subdir: linux-64
  url: https://conda.anaconda.org/conda-forge/linux-64/libgcc-14.2.0-h77fa898_1.conda
  sha256: 53eb8a79365e58849e7b1a068d31f4f9e718dc938d6f2c03e960345739a03569
  md5: 3cb76c3f10d3bc7f1105b2fc9db984df
  depends:
  - _libgcc_mutex 0.1 conda_forge
  - _openmp_mutex >=4.5
  constrains:
  - libgomp 14.2.0 h77fa898_1
  - libgcc-ng ==14.2.0=*_1
  license: GPL-3.0-only WITH GCC-exception-3.1
  license_family: GPL
  size: 848745
  timestamp: 1729027721139
- kind: conda
  name: libgcc-devel_linux-64
  version: 13.3.0
  build: h84ea5a7_101
  build_number: 101
  subdir: noarch
  noarch: generic
  url: https://conda.anaconda.org/conda-forge/noarch/libgcc-devel_linux-64-13.3.0-h84ea5a7_101.conda
  sha256: 027cfb011328a108bc44f512a2dec6d954db85709e0b79b748c3392f85de0c64
  md5: 0ce69d40c142915ac9734bc6134e514a
  depends:
  - __unix
  license: GPL-3.0-only WITH GCC-exception-3.1
  license_family: GPL
  size: 2598313
  timestamp: 1724801050802
- kind: conda
  name: libgomp
  version: 14.2.0
  build: h77fa898_1
  build_number: 1
  subdir: linux-64
  url: https://conda.anaconda.org/conda-forge/linux-64/libgomp-14.2.0-h77fa898_1.conda
  sha256: 1911c29975ec99b6b906904040c855772ccb265a1c79d5d75c8ceec4ed89cd63
  md5: cc3573974587f12dda90d96e3e55a702
  depends:
  - _libgcc_mutex 0.1 conda_forge
  license: GPL-3.0-only WITH GCC-exception-3.1
  license_family: GPL
  size: 460992
  timestamp: 1729027639220
- kind: conda
  name: libsanitizer
  version: 13.3.0
  build: heb74ff8_1
  build_number: 1
  subdir: linux-64
  url: https://conda.anaconda.org/conda-forge/linux-64/libsanitizer-13.3.0-heb74ff8_1.conda
  sha256: c86d130f0a3099e46ff51aa7ffaab73cb44fc420d27a96076aab3b9a326fc137
  md5: c4cb22f270f501f5c59a122dc2adf20a
  depends:
  - libgcc >=13.3.0
  - libstdcxx >=13.3.0
  license: GPL-3.0-only WITH GCC-exception-3.1
  license_family: GPL
  size: 4133922
  timestamp: 1724801171589
- kind: conda
  name: libstdcxx
  version: 14.2.0
  build: hc0a3c3a_1
  build_number: 1
  subdir: linux-64
  url: https://conda.anaconda.org/conda-forge/linux-64/libstdcxx-14.2.0-hc0a3c3a_1.conda
  sha256: 4661af0eb9bdcbb5fb33e5d0023b001ad4be828fccdcc56500059d56f9869462
  md5: 234a5554c53625688d51062645337328
  depends:
  - libgcc 14.2.0 h77fa898_1
  license: GPL-3.0-only WITH GCC-exception-3.1
  license_family: GPL
  size: 3893695
  timestamp: 1729027746910
- kind: conda
  name: libstdcxx-devel_linux-64
  version: 13.3.0
  build: h84ea5a7_101
  build_number: 101
  subdir: noarch
  noarch: generic
  url: https://conda.anaconda.org/conda-forge/noarch/libstdcxx-devel_linux-64-13.3.0-h84ea5a7_101.conda
  sha256: 0a9226c1b994f996229ffb54fa40d608cd4e4b48e8dc73a66134bea8ce949412
  md5: 29b5a4ed4613fa81a07c21045e3f5bf6
  depends:
  - __unix
  license: GPL-3.0-only WITH GCC-exception-3.1
  license_family: GPL
  size: 14074676
  timestamp: 1724801075448
- kind: conda
  name: sysroot_linux-64
  version: '2.17'
  build: h4a8ded7_18
  build_number: 18
  subdir: noarch
  noarch: generic
  url: https://conda.anaconda.org/conda-forge/noarch/sysroot_linux-64-2.17-h4a8ded7_18.conda
  sha256: 23c7ab371c1b74d01a187e05aa7240e3f5654599e364a9adff7f0b02e26f471f
  md5: 0ea96f90a10838f58412aa84fdd9df09
  depends:
  - kernel-headers_linux-64 3.10.0 he073ed8_18
  - tzdata
  license: LGPL-2.0-or-later AND LGPL-2.0-or-later WITH exceptions AND GPL-2.0-or-later AND MPL-2.0
  license_family: GPL
  size: 15500960
  timestamp: 1729794510631
- kind: conda
  name: tzdata
  version: 2024b
  build: hc8b5060_0
  subdir: noarch
  noarch: generic
  url: https://conda.anaconda.org/conda-forge/noarch/tzdata-2024b-hc8b5060_0.conda
  sha256: 4fde5c3008bf5d2db82f2b50204464314cc3c91c1d953652f7bd01d9e52aefdf
  md5: 8ac3367aafb1cc0a068483c580af8015
  license: LicenseRef-Public-Domain
  size: 122354
  timestamp: 1728047496079
